
Microsoft Visual Studio Solution File, Format Version 12.00
# Visual Studio Version 17
VisualStudioVersion = 17.11.35327.3
MinimumVisualStudioVersion = 10.0.40219.1
Project("{FAE04EC0-301F-11D3-BF4B-00C04F79EFBC}") = "git demo", "git demo\git demo.csproj", "{E3844AA3-16E1-4885-83C1-1C7437C39501}"
EndProject
Global
	GlobalSection(SolutionConfigurationPlatforms) = preSolution
		Debug|Any CPU = Debug|Any CPU
		Release|Any CPU = Release|Any CPU
	EndGlobalSection
	GlobalSection(ProjectConfigurationPlatforms) = postSolution
		{E3844AA3-16E1-4885-83C1-1C7437C39501}.Debug|Any CPU.ActiveCfg = Debug|Any CPU
		{E3844AA3-16E1-4885-83C1-1C7437C39501}.Debug|Any CPU.Build.0 = Debug|Any CPU
		{E3844AA3-16E1-4885-83C1-1C7437C39501}.Release|Any CPU.ActiveCfg = Release|Any CPU
		{E3844AA3-16E1-4885-83C1-1C7437C39501}.Release|Any CPU.Build.0 = Release|Any CPU
	EndGlobalSection
	GlobalSection(SolutionProperties) = preSolution
		HideSolutionNode = FALSE
	EndGlobalSection
	GlobalSection(ExtensibilityGlobals) = postSolution
		SolutionGuid = {6BA8FEF8-A54E-428A-B992-8CF6E9F47001}
	EndGlobalSection
EndGlobal
